{
  "name": "steklomarket",
  "version": "1.0.0",
  "lockfileVersion": 3,
  "requires": true,
  "packages": {
    "": {
      "name": "steklomarket",
      "version": "1.0.0",
      "dependencies": {
        "bootstrap-icons": "^1.13.1",
        "normalize.css": "^8.0.1"
      }
    },
    "node_modules/bootstrap-icons": {
      "version": "1.13.1",
      "resolved": "https://registry.npmjs.org/bootstrap-icons/-/bootstrap-icons-1.13.1.tgz",
      "integrity": "sha512-ijombt4v6bv5CLeXvRWKy7CuM3TRTuPEuGaGKvTV5cz65rQSY8RQ2JcHt6b90cBBAC7s8fsf2EkQDldzCoXUjw==",
      "funding": [
        {
          "type": "github",
          "url": "https://github.com/sponsors/twbs"
        },
        {
          "type": "opencollective",
          "url": "https://opencollective.com/bootstrap"
        }
      ],
      "license": "MIT"
    },
    "node_modules/normalize.css": {
      "version": "8.0.1",
      "resolved": "https://registry.npmjs.org/normalize.css/-/normalize.css-8.0.1.tgz",
      "integrity": "sha512-qizSNPO93t1YUuUhP22btGOo3chcvDFqFaj2TRybP0DMxkHOCTYwp3n34fel4a31ORXy4m1Xq0Gyqpb5m33qIg==",
      "license": "MIT"
    }
  }
}
